{
  "version": "2",
  "remote": {
    "https://cdn.skypack.dev/-/@grammyjs/types@v2.6.0-cPMaGVlPbprnM8Sq7dE3/dist=es2019,mode=imports/optimized/@grammyjs/types.js": "fabf6997a3adf11e45d11e3c4d58d0634ab98f9d72f3116f3694123818ccd457",
    "https://cdn.skypack.dev/-/@grammyjs/types@v2.6.0-cPMaGVlPbprnM8Sq7dE3/dist=es2019,mode=types/api.d.ts": "8198d0f61fe0c0b35d824e10405d0b8a1d842b2e5339ef5dd6027e7b521c3047",
    "https://cdn.skypack.dev/-/@grammyjs/types@v2.6.0-cPMaGVlPbprnM8Sq7dE3/dist=es2019,mode=types/bot-command-scope.d.ts": "86c5f851bfb0eb1eddf0a309710de30c307b6c5fdaf7609b1fc455d72a2b750e",
    "https://cdn.skypack.dev/-/@grammyjs/types@v2.6.0-cPMaGVlPbprnM8Sq7dE3/dist=es2019,mode=types/callback.d.ts": "0b7f6c3625c80d894bf3733ada1380f7cd53e14dd9593394d584f00b6c1954c5",
    "https://cdn.skypack.dev/-/@grammyjs/types@v2.6.0-cPMaGVlPbprnM8Sq7dE3/dist=es2019,mode=types/index.d.ts": "9bdbddce52c91f61c478681eda997525cb028c561bb94ead0f799f4aafb49fc6",
    "https://cdn.skypack.dev/-/@grammyjs/types@v2.6.0-cPMaGVlPbprnM8Sq7dE3/dist=es2019,mode=types/inline.d.ts": "adde52500fd04693f88fecdcf069c3663954dd0baa644b9c78c1d8c8bec32559",
    "https://cdn.skypack.dev/-/@grammyjs/types@v2.6.0-cPMaGVlPbprnM8Sq7dE3/dist=es2019,mode=types/manage.d.ts": "194c5c7df20f9410f3cecf97110b608dc6491fe8c4182c38e53ca95ffec58df2",
    "https://cdn.skypack.dev/-/@grammyjs/types@v2.6.0-cPMaGVlPbprnM8Sq7dE3/dist=es2019,mode=types/message.d.ts": "89aa19a7621850406bbb2dbf8eb77e29581d55f1d26469646b0f03741ca7b2f4",
    "https://cdn.skypack.dev/-/@grammyjs/types@v2.6.0-cPMaGVlPbprnM8Sq7dE3/dist=es2019,mode=types/passport.d.ts": "ceeffb3c37c0843cf53049343473106327994415f8f6057e02bc904a2278c57a",
    "https://cdn.skypack.dev/-/@grammyjs/types@v2.6.0-cPMaGVlPbprnM8Sq7dE3/dist=es2019,mode=types/payment.d.ts": "163170c512d0f7bdd56dc6eb021c172fffcddb8e2742318e6f3973a27962e2d0",
    "https://cdn.skypack.dev/-/@grammyjs/types@v2.6.0-cPMaGVlPbprnM8Sq7dE3/dist=es2019,mode=types/proxied.d.ts": "7bbfd1f2431ec17f980b719568aeb6cde2dbbfcd67532149fe8b8933251dfec3",
    "https://cdn.skypack.dev/-/@grammyjs/types@v2.6.0-cPMaGVlPbprnM8Sq7dE3/dist=es2019,mode=types/update.d.ts": "73b0130f0a488e54f6537eac633fc5cad4b7e50fdcd620c82cc1776457930e4d",
    "https://cdn.skypack.dev/-/debug@v4.3.4-o4liVvMlOnQWbLSYZMXw/dist=es2019,mode=imports/optimized/debug.js": "671100993996e39b501301a87000607916d4d2d9f8fc8e9c5200ae5ba64a1389",
    "https://cdn.skypack.dev/-/ms@v2.1.2-giBDZ1IA5lmQ3ZXaa87V/dist=es2019,mode=imports/optimized/ms.js": "fd88e2d51900437011f1ad232f3393ce97db1b87a7844b3c58dd6d65562c1276",
    "https://cdn.skypack.dev/@grammyjs/types@v2.6.0?dts": "2871c1b8a348fcc9a3752158b2e2f9c618fe2ca9176edbaa9cf18454434f51db",
    "https://cdn.skypack.dev/debug@^4.3.3": "7b1d010cc930f71b940ba5941da055bc181115229e29de7214bdb4425c68ea76",
    "https://deno.land/std@0.123.0/_util/assert.ts": "2f868145a042a11d5ad0a3c748dcf580add8a0dbc0e876eaa0026303a5488f58",
    "https://deno.land/std@0.123.0/_util/os.ts": "dfb186cc4e968c770ab6cc3288bd65f4871be03b93beecae57d657232ecffcac",
    "https://deno.land/std@0.123.0/async/deferred.ts": "ab60d46ba561abb3b13c0c8085d05797a384b9f182935f051dc67136817acdee",
    "https://deno.land/std@0.123.0/bytes/bytes_list.ts": "3bff6a09c72b2e0b1e92e29bd3b135053894196cca07a2bba842901073efe5cb",
    "https://deno.land/std@0.123.0/bytes/equals.ts": "69f55fdbd45c71f920c1a621e6c0865dc780cd8ae34e0f5e55a9497b70c31c1b",
    "https://deno.land/std@0.123.0/bytes/mod.ts": "fedb80b8da2e7ad8dd251148e65f92a04c73d6c5a430b7d197dc39588c8dda6f",
    "https://deno.land/std@0.123.0/io/buffer.ts": "8f10342821b81990acf859cdccb4e4031c7c9187a0ffc3ed6b356ee29ecc6681",
    "https://deno.land/std@0.123.0/io/types.d.ts": "89a27569399d380246ca7cdd9e14d5e68459f11fb6110790cc5ecbd4ee7f3215",
    "https://deno.land/std@0.123.0/path/_constants.ts": "1247fee4a79b70c89f23499691ef169b41b6ccf01887a0abd131009c5581b853",
    "https://deno.land/std@0.123.0/path/_interface.ts": "1fa73b02aaa24867e481a48492b44f2598cd9dfa513c7b34001437007d3642e4",
    "https://deno.land/std@0.123.0/path/_util.ts": "2e06a3b9e79beaf62687196bd4b60a4c391d862cfa007a20fc3a39f778ba073b",
    "https://deno.land/std@0.123.0/path/common.ts": "f41a38a0719a1e85aa11c6ba3bea5e37c15dd009d705bd8873f94c833568cbc4",
    "https://deno.land/std@0.123.0/path/glob.ts": "7bf2349e818e332a830f3d8874c3f45dd7580b6c742ed50dbf6282d84ab18405",
    "https://deno.land/std@0.123.0/path/mod.ts": "4465dc494f271b02569edbb4a18d727063b5dbd6ed84283ff906260970a15d12",
    "https://deno.land/std@0.123.0/path/posix.ts": "34349174b9cd121625a2810837a82dd8b986bbaaad5ade690d1de75bbb4555b2",
    "https://deno.land/std@0.123.0/path/separator.ts": "8fdcf289b1b76fd726a508f57d3370ca029ae6976fcde5044007f062e643ff1c",
    "https://deno.land/std@0.123.0/path/win32.ts": "11549e8c6df8307a8efcfa47ad7b2a75da743eac7d4c89c9723a944661c8bd2e",
    "https://deno.land/std@0.123.0/streams/conversion.ts": "7ff9af42540063fa72003ab31a377ba9dde8532d43b16329b933c37a6d7aac5f",
    "https://deno.land/std@0.123.0/streams/delimiter.ts": "25a35824fffaaf620f7304bf4522eb4fc8b205a9e98120e8956ea113ec6898aa",
    "https://deno.land/std@0.123.0/streams/merge.ts": "493cee5e547f6f0304d1891f3126701e707c0162f375b5bf26d8541b08e52c62",
    "https://deno.land/std@0.123.0/streams/mod.ts": "fb4b333ae079bfaefa7601ac4b6f591ab6ddfbdd47f5cb10f6280cfba892bf96",
    "https://deno.land/std@0.128.0/async/deadline.ts": "48ac998d7564969f3e6ec6b6f9bf0217ebd00239b1b2292feba61272d5dd58d0",
    "https://deno.land/std@0.128.0/async/debounce.ts": "564273ef242bcfcda19a439132f940db8694173abffc159ea34f07d18fc42620",
    "https://deno.land/std@0.128.0/async/deferred.ts": "bc18e28108252c9f67dfca2bbc4587c3cbf3aeb6e155f8c864ca8ecff992b98a",
    "https://deno.land/std@0.128.0/async/delay.ts": "cbbdf1c87d1aed8edc7bae13592fb3e27e3106e0748f089c263390d4f49e5f6c",
    "https://deno.land/std@0.128.0/async/mod.ts": "a28709190a1966cb50e5815ef269bb588ee192373cde73b1096641820dc52a36",
    "https://deno.land/std@0.128.0/async/mux_async_iterator.ts": "f4d1d259b0c694d381770ddaaa4b799a94843eba80c17f4a2ec2949168e52d1e",
    "https://deno.land/std@0.128.0/async/pool.ts": "97b0dd27c69544e374df857a40902e74e39532f226005543eabacb551e277082",
    "https://deno.land/std@0.128.0/async/tee.ts": "1341feb1f5b1a96f8628d0f8fc07d8c43d3813423f18a63bf1b4785568d21b1f",
    "https://deno.land/std@0.128.0/fmt/colors.ts": "4575bb20edc666d3ae75fa9fac75f20e4cd423b280008094b05e423cc85047bb",
    "https://deno.land/std@0.128.0/http/server.ts": "10c3a7814666cdbabd6f9c18acdcc4593e222275a628280a4868881445fbb5bc",
    "https://deno.land/x/crates@v1.0.1/api.ts": "5166e6c9867e577bdb4183e7a099739469a854850f1ea7fc45c759d89bb7f789",
    "https://deno.land/x/crates@v1.0.1/client.ts": "1448f7658dc2740b6a8d65cb3fb172c86d2506b0c4fa3cd5305d7b4f6d343c92",
    "https://deno.land/x/crates@v1.0.1/mod.ts": "0ac461462f26518ef47fca42cc87c3c3e2f607231479fb85e3356e1310cba43f",
    "https://deno.land/x/crates@v1.0.1/types/info.ts": "0204979bb2e9785245748e4a54bab6aca2b1bba4f1cdac58e8a70f0225025fd3",
    "https://deno.land/x/crates@v1.0.1/types/mod.ts": "ab02d523917e8cc1398ba1e73f8557efaaa7beefec3c78c87451abb85b5e1c79",
    "https://deno.land/x/crates@v1.0.1/types/search.ts": "fafa578a104ca199f2c49397de90baff0722d11268345a140ad74a57a903ce38",
    "https://deno.land/x/deno_dom@v0.1.38/build/deno-wasm/deno-wasm.js": "98b1ad24a1c13284557917659402202e5c5258ab1431b3f3a82434ad36ffa05a",
    "https://deno.land/x/deno_dom@v0.1.38/deno-dom-wasm.ts": "bfd999a493a6974e9fca4d331bee03bfb68cfc600c662cd0b48b21d67a2a8ba0",
    "https://deno.land/x/deno_dom@v0.1.38/src/api.ts": "0ff5790f0a3eeecb4e00b7d8fbfa319b165962cf6d0182a65ba90f158d74f7d7",
    "https://deno.land/x/deno_dom@v0.1.38/src/constructor-lock.ts": "59714df7e0571ec7bd338903b1f396202771a6d4d7f55a452936bd0de9deb186",
    "https://deno.land/x/deno_dom@v0.1.38/src/deserialize.ts": "f4d34514ca00473ca428b69ad437ba345925744b5d791cb9552e2d7a0e7b0439",
    "https://deno.land/x/deno_dom@v0.1.38/src/dom/document-fragment.ts": "a40c6e18dd0efcf749a31552c1c9a6f7fa614452245e86ee38fc92ba0235e5ae",
    "https://deno.land/x/deno_dom@v0.1.38/src/dom/document.ts": "b8f4e4ccabaaa063d6562a0f2f8dea9c0419515d63d8bd79bfde95f7cd64bd93",
    "https://deno.land/x/deno_dom@v0.1.38/src/dom/dom-parser.ts": "609097b426f8c2358f3e5d2bca55ed026cf26cdf86562e94130dfdb0f2537f92",
    "https://deno.land/x/deno_dom@v0.1.38/src/dom/element.ts": "77c454e228dfeb5c570da5aa61d91850400116bfa0f5a85505acdd3c667171a4",
    "https://deno.land/x/deno_dom@v0.1.38/src/dom/elements/html-template-element.ts": "127bb291bb08afeb7e9a66294a5aa6ff2780f4eb4601fa6f7869fe8b70a81472",
    "https://deno.land/x/deno_dom@v0.1.38/src/dom/html-collection.ts": "ae90197f5270c32074926ad6cf30ee07d274d44596c7e413c354880cebce8565",
    "https://deno.land/x/deno_dom@v0.1.38/src/dom/node-list.ts": "4c6e4b4585301d4147addaccd90cb5f5a80e8d6290a1ba7058c5e3dfea16e15d",
    "https://deno.land/x/deno_dom@v0.1.38/src/dom/node.ts": "3069e6fc93ac4111a136ed68199d76673339842b9751610ba06f111ba7dc10a7",
    "https://deno.land/x/deno_dom@v0.1.38/src/dom/selectors/custom-api.ts": "852696bd58e534bc41bd3be9e2250b60b67cd95fd28ed16b1deff1d548531a71",
    "https://deno.land/x/deno_dom@v0.1.38/src/dom/selectors/nwsapi-types.ts": "c43b36c36acc5d32caabaa54fda8c9d239b2b0fcbce9a28efb93c84aa1021698",
    "https://deno.land/x/deno_dom@v0.1.38/src/dom/selectors/nwsapi.js": "985d7d8fc1eabbb88946b47a1c44c1b2d4aa79ff23c21424219f1528fa27a2ff",
    "https://deno.land/x/deno_dom@v0.1.38/src/dom/selectors/selectors.ts": "83eab57be2290fb48e3130533448c93c6c61239f2a2f3b85f1917f80ca0fdc75",
    "https://deno.land/x/deno_dom@v0.1.38/src/dom/selectors/sizzle-types.ts": "78149e2502409989ce861ed636b813b059e16bc267bb543e7c2b26ef43e4798b",
    "https://deno.land/x/deno_dom@v0.1.38/src/dom/selectors/sizzle.js": "c3aed60c1045a106d8e546ac2f85cc82e65f62d9af2f8f515210b9212286682a",
    "https://deno.land/x/deno_dom@v0.1.38/src/dom/utils-types.ts": "96db30e3e4a75b194201bb9fa30988215da7f91b380fca6a5143e51ece2a8436",
    "https://deno.land/x/deno_dom@v0.1.38/src/dom/utils.ts": "55f3e9dc71d6c4a54605888d3f99d26fb0cf9973924709f159252a6933ceeabe",
    "https://deno.land/x/deno_dom@v0.1.38/src/parser.ts": "b65eb7e673fa7ca611de871de109655f0aa9fa35ddc1de73df1a5fc2baafc332",
    "https://deno.land/x/dotenv@v3.2.0/mod.ts": "077b48773de9205266a0b44c3c3a3c3083449ed64bb0b6cc461b95720678d38e",
    "https://deno.land/x/dotenv@v3.2.0/util.ts": "693730877b13f8ead2b79b2aa31e2a0652862f7dc0c5f6d2f313f4d39c7b7670",
    "https://deno.land/x/grammy@v1.7.0/bot.ts": "9e368e705feb87b5a17c312c57eae5421322c4f5249bbc8f179b9bd919386ffc",
    "https://deno.land/x/grammy@v1.7.0/composer.ts": "6a70b043b58fe509b0607b2e1a2b9e721327645b94c350c278e50417bc3731b9",
    "https://deno.land/x/grammy@v1.7.0/context.ts": "9252605b86c0fc9a4e431857dd808ce88d7868ef9e7d7e60ecd9544c569445a4",
    "https://deno.land/x/grammy@v1.7.0/convenience/frameworks.deno.ts": "aa4e1df1dd5c610e900ff3779f0b320e6e688cd067900f71c000c34138ff023c",
    "https://deno.land/x/grammy@v1.7.0/convenience/keyboard.ts": "39fe5119085de94bcd4b0b8a216b254afa8dda8595d73052355590ee943d8d17",
    "https://deno.land/x/grammy@v1.7.0/convenience/session.ts": "e44b538eb8cffacf68c75d158c2a504c9077560bd0ff385430161385173ac1df",
    "https://deno.land/x/grammy@v1.7.0/convenience/webhook.ts": "07c23c5830f49e42c2f33a49a3100f7ba69d54d6f23770b43eda5b5d608de77d",
    "https://deno.land/x/grammy@v1.7.0/core/api.ts": "ed32fbefb98935657f92efed4feb97057379bbb2b1558ca0ceec9d758a2bf0c2",
    "https://deno.land/x/grammy@v1.7.0/core/client.ts": "9f30bf49573c30af4f379388f620b6f511acd7fbae1cb998168d8c046b96e15f",
    "https://deno.land/x/grammy@v1.7.0/core/error.ts": "400bb976677f0ce620402b025fef36887395760c00a74c7e2c7833e074e33465",
    "https://deno.land/x/grammy@v1.7.0/core/payload.ts": "294a570a432090bc8cd0cda9a6eb07682831967d2a0562d913467afff4d0b419",
    "https://deno.land/x/grammy@v1.7.0/filter.ts": "0f9b3ac87ad930958578a689030a277e1ab3b7bff100bc9b236feea44e393414",
    "https://deno.land/x/grammy@v1.7.0/mod.ts": "31d8dc2b34a990c05199348245c4ef441277627e3661be8c448bf92502021a33",
    "https://deno.land/x/grammy@v1.7.0/platform.deno.ts": "0a6f2be374f7165ef0176066c0e31b4c004b0147681d370615c37d1cc375842e",
    "https://deno.land/x/marky@v1.1.6/marky.ts": "9c90564d79a7a4d704faef20ac97619cd20b967e48885351b6ef8a22ffdf99eb",
    "https://deno.land/x/marky@v1.1.6/mod.ts": "fcae8411be5ae4399695689883dc09d0f279d59369f4562a9f2762d47cce39f4",
    "https://deno.land/x/marky@v1.1.6/parsers.ts": "494d7611f2d316cfe8c2f88abd1558ddb5afb62b7af89f71f39c3154919169a7",
    "https://deno.land/x/telegraph@v1.0.2/deps.ts": "990bc76aad450e24e0a7817aa09160f68f6b670121d4528a26cdb16654cd3b0f",
    "https://deno.land/x/telegraph@v1.0.2/src/parse.ts": "628abafbc08d9580b229ec0c316aa6d8ab2591eda7165c3c8b6c074760cbf629",
    "https://deno.land/x/telegraph@v1.0.2/src/telegraph.ts": "c6e282ba4fee683a35c242b1f12b505e51519deca5cb42746b7eaf6d6ca6e0b9",
    "https://deno.land/x/telegraph@v1.0.2/src/types.ts": "6c46ce878850c652244d0b0be2d2ec264092b1bfd282de5da0ff349c2240ca45"
  }
}
